Microsoft Visual Studio Solution File, Format Version 12.00
# Visual Studio Version 17
VisualStudioVersion = 17.5.2.0
MinimumVisualStudioVersion = 10.0.40219.1
Project("{FAE04EC0-301F-11D3-BF4B-00C04F79EFBC}") = "BlackScholesEstimator", "BlackScholesEstimator.csproj", "{280ED8C5-724F-9E66-D6F4-FE3E79002C4E}"
EndProject
Global
	GlobalSection(SolutionConfigurationPlatforms) = preSolution
		Debug|Any CPU = Debug|Any CPU
		Release|Any CPU = Release|Any CPU
	EndGlobalSection
	GlobalSection(ProjectConfigurationPlatforms) = postSolution
		{280ED8C5-724F-9E66-D6F4-FE3E79002C4E}.Debug|Any CPU.ActiveCfg = Debug|Any CPU
		{280ED8C5-724F-9E66-D6F4-FE3E79002C4E}.Debug|Any CPU.Build.0 = Debug|Any CPU
		{280ED8C5-724F-9E66-D6F4-FE3E79002C4E}.Release|Any CPU.ActiveCfg = Release|Any CPU
		{280ED8C5-724F-9E66-D6F4-FE3E79002C4E}.Release|Any CPU.Build.0 = Release|Any CPU
	EndGlobalSection
	GlobalSection(SolutionProperties) = preSolution
		HideSolutionNode = FALSE
	EndGlobalSection
	GlobalSection(ExtensibilityGlobals) = postSolution
		SolutionGuid = {751A373B-759D-4450-B692-4CA85F60A780}
	EndGlobalSection
EndGlobal
